
Microsoft Visual Studio Solution File, Format Version 12.00
# Visual Studio 15
VisualStudioVersion = 15.0.27428.2015
MinimumVisualStudioVersion = 10.0.40219.1
Project("{FAE04EC0-301F-11D3-BF4B-00C04F79EFBC}") = "CVisualizer", "CVisualizer\CVisualizer.csproj", "{CA134800-7A7E-4DB4-B708-D0C3B3D97E8C}"
EndProject
Project("{FAE04EC0-301F-11D3-BF4B-00C04F79EFBC}") = "CVisualizerTests", "CVisualizerTests\CVisualizerTests.csproj", "{9F4F2F1C-1D01-4851-9829-AEB85802370E}"
EndProject
Global
	GlobalSection(SolutionConfigurationPlatforms) = preSolution
		Debug|Any CPU = Debug|Any CPU
		Release|Any CPU = Release|Any CPU
	EndGlobalSection
	GlobalSection(ProjectConfigurationPlatforms) = postSolution
		{CA134800-7A7E-4DB4-B708-D0C3B3D97E8C}.Debug|Any CPU.ActiveCfg = Debug|Any CPU
		{CA134800-7A7E-4DB4-B708-D0C3B3D97E8C}.Debug|Any CPU.Build.0 = Debug|Any CPU
		{CA134800-7A7E-4DB4-B708-D0C3B3D97E8C}.Release|Any CPU.ActiveCfg = Release|Any CPU
		{CA134800-7A7E-4DB4-B708-D0C3B3D97E8C}.Release|Any CPU.Build.0 = Release|Any CPU
		{9F4F2F1C-1D01-4851-9829-AEB85802370E}.Debug|Any CPU.ActiveCfg = Debug|Any CPU
		{9F4F2F1C-1D01-4851-9829-AEB85802370E}.Debug|Any CPU.Build.0 = Debug|Any CPU
		{9F4F2F1C-1D01-4851-9829-AEB85802370E}.Release|Any CPU.ActiveCfg = Release|Any CPU
		{9F4F2F1C-1D01-4851-9829-AEB85802370E}.Release|Any CPU.Build.0 = Release|Any CPU
	EndGlobalSection
	GlobalSection(SolutionProperties) = preSolution
		HideSolutionNode = FALSE
	EndGlobalSection
	GlobalSection(ExtensibilityGlobals) = postSolution
		SolutionGuid = {60180C28-7998-45A2-9929-88B963454730}
	EndGlobalSection
EndGlobal
